
Microsoft Visual Studio Solution File, Format Version 12.00
# Visual Studio 15
VisualStudioVersion = 15.0.28307.271
MinimumVisualStudioVersion = 10.0.40219.1
Project("{FAE04EC0-301F-11D3-BF4B-00C04F79EFBC}") = "NetCoreHangFire", "NetCoreHangFire\NetCoreHangFire.csproj", "{49A24374-CA3B-4411-9FF4-0FC54DEDCC73}"
EndProject
Global
	GlobalSection(SolutionConfigurationPlatforms) = preSolution
		Debug|Any CPU = Debug|Any CPU
		Release|Any CPU = Release|Any CPU
	EndGlobalSection
	GlobalSection(ProjectConfigurationPlatforms) = postSolution
		{49A24374-CA3B-4411-9FF4-0FC54DEDCC73}.Debug|Any CPU.ActiveCfg = Debug|Any CPU
		{49A24374-CA3B-4411-9FF4-0FC54DEDCC73}.Debug|Any CPU.Build.0 = Debug|Any CPU
		{49A24374-CA3B-4411-9FF4-0FC54DEDCC73}.Release|Any CPU.ActiveCfg = Release|Any CPU
		{49A24374-CA3B-4411-9FF4-0FC54DEDCC73}.Release|Any CPU.Build.0 = Release|Any CPU
	EndGlobalSection
	GlobalSection(SolutionProperties) = preSolution
		HideSolutionNode = FALSE
	EndGlobalSection
	GlobalSection(ExtensibilityGlobals) = postSolution
		SolutionGuid = {CE734DCF-338F-41AA-8D31-E1EAAD7102A5}
	EndGlobalSection
EndGlobal
